
Microsoft Visual Studio Solution File, Format Version 12.00
# Visual Studio Version 16
VisualStudioVersion = 16.0.34114.132
MinimumVisualStudioVersion = 10.0.40219.1
Project("{FAE04EC0-301F-11D3-BF4B-00C04F79EFBC}") = "Forum_fianl", "Forum_fianl.csproj", "{C293F64B-ADEB-4F8B-9EFD-E8290C3DE65E}"
EndProject
Global
	GlobalSection(SolutionConfigurationPlatforms) = preSolution
		Debug|Any CPU = Debug|Any CPU
		Release|Any CPU = Release|Any CPU
	EndGlobalSection
	GlobalSection(ProjectConfigurationPlatforms) = postSolution
		{C293F64B-ADEB-4F8B-9EFD-E8290C3DE65E}.Debug|Any CPU.ActiveCfg = Debug|Any CPU
		{C293F64B-ADEB-4F8B-9EFD-E8290C3DE65E}.Debug|Any CPU.Build.0 = Debug|Any CPU
		{C293F64B-ADEB-4F8B-9EFD-E8290C3DE65E}.Release|Any CPU.ActiveCfg = Release|Any CPU
		{C293F64B-ADEB-4F8B-9EFD-E8290C3DE65E}.Release|Any CPU.Build.0 = Release|Any CPU
	EndGlobalSection
	GlobalSection(SolutionProperties) = preSolution
		HideSolutionNode = FALSE
	EndGlobalSection
	GlobalSection(ExtensibilityGlobals) = postSolution
		SolutionGuid = {22FE9D87-3E5E-4450-973D-2F646558613E}
	EndGlobalSection
EndGlobal
